
Microsoft Visual Studio Solution File, Format Version 12.00
# Visual Studio Version 17
VisualStudioVersion = 17.0.31912.275
MinimumVisualStudioVersion = 10.0.40219.1
Project("{FAE04EC0-301F-11D3-BF4B-00C04F79EFBC}") = "botControl", "botControl\botControl.csproj", "{AA49550D-BCE2-4F54-8ECC-76FC10D14A78}"
EndProject
Global
	GlobalSection(SolutionConfigurationPlatforms) = preSolution
		Debug|Any CPU = Debug|Any CPU
		Release|Any CPU = Release|Any CPU
	EndGlobalSection
	GlobalSection(ProjectConfigurationPlatforms) = postSolution
		{AA49550D-BCE2-4F54-8ECC-76FC10D14A78}.Debug|Any CPU.ActiveCfg = Debug|Any CPU
		{AA49550D-BCE2-4F54-8ECC-76FC10D14A78}.Debug|Any CPU.Build.0 = Debug|Any CPU
		{AA49550D-BCE2-4F54-8ECC-76FC10D14A78}.Release|Any CPU.ActiveCfg = Release|Any CPU
		{AA49550D-BCE2-4F54-8ECC-76FC10D14A78}.Release|Any CPU.Build.0 = Release|Any CPU
	EndGlobalSection
	GlobalSection(SolutionProperties) = preSolution
		HideSolutionNode = FALSE
	EndGlobalSection
	GlobalSection(ExtensibilityGlobals) = postSolution
		SolutionGuid = {0D56E629-F67A-444F-A47D-13D6D38516F8}
	EndGlobalSection
EndGlobal
